Microsoft Visual Studio Solution File, Format Version 11.00
# Visual Studio 2010
Project("{8BC9CEB8-8B4A-11D0-8D11-00A0C91BC942}") = "FirAlgs", "FirAlgs.vcxproj", "{DE0EB187-67C6-8785-B689-4B2AFBE89D3F}"
EndProject
Global
	GlobalSection(SolutionConfigurationPlatforms) = preSolution
		Debug|Win32 = Debug|Win32
		Release|Win32 = Release|Win32
	EndGlobalSection
	GlobalSection(ProjectConfigurationPlatforms) = postSolution
		{DE0EB187-67C6-8785-B689-4B2AFBE89D3F}.Debug|Win32.ActiveCfg = Debug|Win32
		{DE0EB187-67C6-8785-B689-4B2AFBE89D3F}.Debug|Win32.Build.0 = Debug|Win32
		{DE0EB187-67C6-8785-B689-4B2AFBE89D3F}.Release|Win32.ActiveCfg = Release|Win32
		{DE0EB187-67C6-8785-B689-4B2AFBE89D3F}.Release|Win32.Build.0 = Release|Win32
	EndGlobalSection
	GlobalSection(SolutionProperties) = preSolution
		HideSolutionNode = FALSE
	EndGlobalSection
EndGlobal
